
Microsoft Visual Studio Solution File, Format Version 12.00
# Visual Studio 15
VisualStudioVersion = 15.0.28307.168
MinimumVisualStudioVersion = 10.0.40219.1
Project("{9A19103F-16F7-4668-BE54-9A1E7A4F7556}") = "WiredBrainCoffee ShopInfo Tool", "WiredBrainCoffee ShopInfo Tool\WiredBrainCoffee ShopInfo Tool.csproj", "{CE47FC7D-6BEB-419A-8C8F-98776ED237E8}"
EndProject
Project("{FAE04EC0-301F-11D3-BF4B-00C04F79EFBC}") = "WiredBrainCoffee.DataAccess", "WiredBrainCoffee.DataAccess\WiredBrainCoffee.DataAccess.csproj", "{7D78EE71-2BDB-400B-92A5-BF311C21F75F}"
EndProject
Global
	GlobalSection(SolutionConfigurationPlatforms) = preSolution
		Debug|Any CPU = Debug|Any CPU
		Release|Any CPU = Release|Any CPU
	EndGlobalSection
	GlobalSection(ProjectConfigurationPlatforms) = postSolution
		{CE47FC7D-6BEB-419A-8C8F-98776ED237E8}.Debug|Any CPU.ActiveCfg = Debug|Any CPU
		{CE47FC7D-6BEB-419A-8C8F-98776ED237E8}.Debug|Any CPU.Build.0 = Debug|Any CPU
		{CE47FC7D-6BEB-419A-8C8F-98776ED237E8}.Release|Any CPU.ActiveCfg = Release|Any CPU
		{CE47FC7D-6BEB-419A-8C8F-98776ED237E8}.Release|Any CPU.Build.0 = Release|Any CPU
		{7D78EE71-2BDB-400B-92A5-BF311C21F75F}.Debug|Any CPU.ActiveCfg = Debug|Any CPU
		{7D78EE71-2BDB-400B-92A5-BF311C21F75F}.Debug|Any CPU.Build.0 = Debug|Any CPU
		{7D78EE71-2BDB-400B-92A5-BF311C21F75F}.Release|Any CPU.ActiveCfg = Release|Any CPU
		{7D78EE71-2BDB-400B-92A5-BF311C21F75F}.Release|Any CPU.Build.0 = Release|Any CPU
	EndGlobalSection
	GlobalSection(SolutionProperties) = preSolution
		HideSolutionNode = FALSE
	EndGlobalSection
	GlobalSection(ExtensibilityGlobals) = postSolution
		SolutionGuid = {D9E2DC10-8FBB-48D7-89E5-23A77454B2CE}
	EndGlobalSection
EndGlobal
